
Microsoft Visual Studio Solution File, Format Version 12.00
# Visual Studio Version 17
VisualStudioVersion = 17.1.32319.34
MinimumVisualStudioVersion = 10.0.40219.1
Project("{FAE04EC0-301F-11D3-BF4B-00C04F79EFBC}") = "GRM", "GRM\GRM.csproj", "{8E02CD16-1899-468A-B8FF-C178F156C12B}"
EndProject
Global
	GlobalSection(SolutionConfigurationPlatforms) = preSolution
		Debug|Any CPU = Debug|Any CPU
		Release|Any CPU = Release|Any CPU
	EndGlobalSection
	GlobalSection(ProjectConfigurationPlatforms) = postSolution
		{8E02CD16-1899-468A-B8FF-C178F156C12B}.Debug|Any CPU.ActiveCfg = Debug|Any CPU
		{8E02CD16-1899-468A-B8FF-C178F156C12B}.Debug|Any CPU.Build.0 = Debug|Any CPU
		{8E02CD16-1899-468A-B8FF-C178F156C12B}.Release|Any CPU.ActiveCfg = Release|Any CPU
		{8E02CD16-1899-468A-B8FF-C178F156C12B}.Release|Any CPU.Build.0 = Release|Any CPU
	EndGlobalSection
	GlobalSection(SolutionProperties) = preSolution
		HideSolutionNode = FALSE
	EndGlobalSection
	GlobalSection(ExtensibilityGlobals) = postSolution
		SolutionGuid = {21837EE0-0430-4EB9-82E4-1F820A370C7A}
	EndGlobalSection
EndGlobal
